
Microsoft Visual Studio Solution File, Format Version 12.00
# Visual Studio 15
VisualStudioVersion = 15.0.28010.2003
MinimumVisualStudioVersion = 10.0.40219.1
Project("{2150E333-8FDC-42A3-9474-1A3956D46DE8}") = "GoF", "GoF", "{DD985985-047F-4552-9941-9F8C4A630E74}"
EndProject
Project("{FAE04EC0-301F-11D3-BF4B-00C04F79EFBC}") = "HalloSingleton", "GoF\HalloSingleton\HalloSingleton.csproj", "{462B80A9-2682-4504-8618-04C1989C6E72}"
EndProject
Project("{FAE04EC0-301F-11D3-BF4B-00C04F79EFBC}") = "HalloFactoryMethod", "HalloFactoryMethod\HalloFactoryMethod.csproj", "{FF7B884E-ED73-4A1C-96CE-416136A8A2DA}"
EndProject
Project("{FAE04EC0-301F-11D3-BF4B-00C04F79EFBC}") = "HalloBuilder", "GoF\HalloBuilder\HalloBuilder.csproj", "{1791F23C-9513-4362-87FB-EE9B595EE19A}"
EndProject
Project("{FAE04EC0-301F-11D3-BF4B-00C04F79EFBC}") = "HalloComposite", "GoF\HalloComposite\HalloComposite.csproj", "{34DA266F-E131-4938-93E6-A9AE5A19E910}"
EndProject
Project("{FAE04EC0-301F-11D3-BF4B-00C04F79EFBC}") = "HalloDekorator", "GoF\HalloDekorator\HalloDekorator.csproj", "{1AF3D68D-82FA-4D44-9529-E2B0FF78E97C}"
EndProject
Project("{FAE04EC0-301F-11D3-BF4B-00C04F79EFBC}") = "HalloObserver", "GoF\HalloObserver\HalloObserver.csproj", "{F8B2CD18-3422-456A-854C-54273D59065E}"
EndProject
Project("{2150E333-8FDC-42A3-9474-1A3956D46DE8}") = "GoldCricket", "GoldCricket", "{0FDB3ADD-8660-4CFB-8927-5F1F0D926453}"
EndProject
Project("{9A19103F-16F7-4668-BE54-9A1E7A4F7556}") = "ppedv.GoldCricket.Domain", "GoldCricket\ppedv.GoldCricket.Domain\ppedv.GoldCricket.Domain.csproj", "{37A7C351-8BD7-4B32-B27B-C43FDDFDDFEF}"
EndProject
Project("{9A19103F-16F7-4668-BE54-9A1E7A4F7556}") = "ppedv.GoldCricket.Data.EF", "ppedv.GoldCricket.Data.EF\ppedv.GoldCricket.Data.EF.csproj", "{171D0833-C189-4520-873F-4793B06D9A4C}"
EndProject
Project("{FAE04EC0-301F-11D3-BF4B-00C04F79EFBC}") = "ppedv.GoldCricket.Data.EF.TestsNUnit", "ppedv.GoldCricket.Data.EF.TestsNUnit\ppedv.GoldCricket.Data.EF.TestsNUnit.csproj", "{C22C1B9F-116D-453B-80D6-E35BDF01CED7}"
EndProject
Project("{FAE04EC0-301F-11D3-BF4B-00C04F79EFBC}") = "ppedv.GoldCricket.Logic", "GoldCricket\ppedv.GoldCricket.Logic\ppedv.GoldCricket.Logic.csproj", "{98439FEA-FB59-4469-9C80-ABC0B5EA2BD4}"
EndProject
Global
	GlobalSection(SolutionConfigurationPlatforms) = preSolution
		Debug|Any CPU = Debug|Any CPU
		Release|Any CPU = Release|Any CPU
	EndGlobalSection
	GlobalSection(ProjectConfigurationPlatforms) = postSolution
		{462B80A9-2682-4504-8618-04C1989C6E72}.Debug|Any CPU.ActiveCfg = Debug|Any CPU
		{462B80A9-2682-4504-8618-04C1989C6E72}.Debug|Any CPU.Build.0 = Debug|Any CPU
		{462B80A9-2682-4504-8618-04C1989C6E72}.Release|Any CPU.ActiveCfg = Release|Any CPU
		{462B80A9-2682-4504-8618-04C1989C6E72}.Release|Any CPU.Build.0 = Release|Any CPU
		{FF7B884E-ED73-4A1C-96CE-416136A8A2DA}.Debug|Any CPU.ActiveCfg = Debug|Any CPU
		{FF7B884E-ED73-4A1C-96CE-416136A8A2DA}.Debug|Any CPU.Build.0 = Debug|Any CPU
		{FF7B884E-ED73-4A1C-96CE-416136A8A2DA}.Release|Any CPU.ActiveCfg = Release|Any CPU
		{FF7B884E-ED73-4A1C-96CE-416136A8A2DA}.Release|Any CPU.Build.0 = Release|Any CPU
		{1791F23C-9513-4362-87FB-EE9B595EE19A}.Debug|Any CPU.ActiveCfg = Debug|Any CPU
		{1791F23C-9513-4362-87FB-EE9B595EE19A}.Debug|Any CPU.Build.0 = Debug|Any CPU
		{1791F23C-9513-4362-87FB-EE9B595EE19A}.Release|Any CPU.ActiveCfg = Release|Any CPU
		{1791F23C-9513-4362-87FB-EE9B595EE19A}.Release|Any CPU.Build.0 = Release|Any CPU
		{34DA266F-E131-4938-93E6-A9AE5A19E910}.Debug|Any CPU.ActiveCfg = Debug|Any CPU
		{34DA266F-E131-4938-93E6-A9AE5A19E910}.Debug|Any CPU.Build.0 = Debug|Any CPU
		{34DA266F-E131-4938-93E6-A9AE5A19E910}.Release|Any CPU.ActiveCfg = Release|Any CPU
		{34DA266F-E131-4938-93E6-A9AE5A19E910}.Release|Any CPU.Build.0 = Release|Any CPU
		{1AF3D68D-82FA-4D44-9529-E2B0FF78E97C}.Debug|Any CPU.ActiveCfg = Debug|Any CPU
		{1AF3D68D-82FA-4D44-9529-E2B0FF78E97C}.Debug|Any CPU.Build.0 = Debug|Any CPU
		{1AF3D68D-82FA-4D44-9529-E2B0FF78E97C}.Release|Any CPU.ActiveCfg = Release|Any CPU
		{1AF3D68D-82FA-4D44-9529-E2B0FF78E97C}.Release|Any CPU.Build.0 = Release|Any CPU
		{F8B2CD18-3422-456A-854C-54273D59065E}.Debug|Any CPU.ActiveCfg = Debug|Any CPU
		{F8B2CD18-3422-456A-854C-54273D59065E}.Debug|Any CPU.Build.0 = Debug|Any CPU
		{F8B2CD18-3422-456A-854C-54273D59065E}.Release|Any CPU.ActiveCfg = Release|Any CPU
		{F8B2CD18-3422-456A-854C-54273D59065E}.Release|Any CPU.Build.0 = Release|Any CPU
		{37A7C351-8BD7-4B32-B27B-C43FDDFDDFEF}.Debug|Any CPU.ActiveCfg = Debug|Any CPU
		{37A7C351-8BD7-4B32-B27B-C43FDDFDDFEF}.Debug|Any CPU.Build.0 = Debug|Any CPU
		{37A7C351-8BD7-4B32-B27B-C43FDDFDDFEF}.Release|Any CPU.ActiveCfg = Release|Any CPU
		{37A7C351-8BD7-4B32-B27B-C43FDDFDDFEF}.Release|Any CPU.Build.0 = Release|Any CPU
		{171D0833-C189-4520-873F-4793B06D9A4C}.Debug|Any CPU.ActiveCfg = Debug|Any CPU
		{171D0833-C189-4520-873F-4793B06D9A4C}.Debug|Any CPU.Build.0 = Debug|Any CPU
		{171D0833-C189-4520-873F-4793B06D9A4C}.Release|Any CPU.ActiveCfg = Release|Any CPU
		{171D0833-C189-4520-873F-4793B06D9A4C}.Release|Any CPU.Build.0 = Release|Any CPU
		{C22C1B9F-116D-453B-80D6-E35BDF01CED7}.Debug|Any CPU.ActiveCfg = Debug|Any CPU
		{C22C1B9F-116D-453B-80D6-E35BDF01CED7}.Debug|Any CPU.Build.0 = Debug|Any CPU
		{C22C1B9F-116D-453B-80D6-E35BDF01CED7}.Release|Any CPU.ActiveCfg = Release|Any CPU
		{C22C1B9F-116D-453B-80D6-E35BDF01CED7}.Release|Any CPU.Build.0 = Release|Any CPU
		{98439FEA-FB59-4469-9C80-ABC0B5EA2BD4}.Debug|Any CPU.ActiveCfg = Debug|Any CPU
		{98439FEA-FB59-4469-9C80-ABC0B5EA2BD4}.Debug|Any CPU.Build.0 = Debug|Any CPU
		{98439FEA-FB59-4469-9C80-ABC0B5EA2BD4}.Release|Any CPU.ActiveCfg = Release|Any CPU
		{98439FEA-FB59-4469-9C80-ABC0B5EA2BD4}.Release|Any CPU.Build.0 = Release|Any CPU
	EndGlobalSection
	GlobalSection(SolutionProperties) = preSolution
		HideSolutionNode = FALSE
	EndGlobalSection
	GlobalSection(NestedProjects) = preSolution
		{462B80A9-2682-4504-8618-04C1989C6E72} = {DD985985-047F-4552-9941-9F8C4A630E74}
		{FF7B884E-ED73-4A1C-96CE-416136A8A2DA} = {DD985985-047F-4552-9941-9F8C4A630E74}
		{1791F23C-9513-4362-87FB-EE9B595EE19A} = {DD985985-047F-4552-9941-9F8C4A630E74}
		{34DA266F-E131-4938-93E6-A9AE5A19E910} = {DD985985-047F-4552-9941-9F8C4A630E74}
		{1AF3D68D-82FA-4D44-9529-E2B0FF78E97C} = {DD985985-047F-4552-9941-9F8C4A630E74}
		{F8B2CD18-3422-456A-854C-54273D59065E} = {DD985985-047F-4552-9941-9F8C4A630E74}
		{37A7C351-8BD7-4B32-B27B-C43FDDFDDFEF} = {0FDB3ADD-8660-4CFB-8927-5F1F0D926453}
		{171D0833-C189-4520-873F-4793B06D9A4C} = {0FDB3ADD-8660-4CFB-8927-5F1F0D926453}
		{C22C1B9F-116D-453B-80D6-E35BDF01CED7} = {0FDB3ADD-8660-4CFB-8927-5F1F0D926453}
		{98439FEA-FB59-4469-9C80-ABC0B5EA2BD4} = {0FDB3ADD-8660-4CFB-8927-5F1F0D926453}
	EndGlobalSection
	GlobalSection(ExtensibilityGlobals) = postSolution
		SolutionGuid = {06A1A733-E3C1-44FF-8BD6-E19B6A992C7A}
	EndGlobalSection
EndGlobal
